{
  "name": "@admin-pkg/vite-plugin-http2-proxy",
  "version": "0.0.2",
  "lockfileVersion": 3,
  "requires": true,
  "packages": {
    "": {
      "name": "@admin-pkg/vite-plugin-http2-proxy",
      "version": "0.0.2",
      "license": "MIT",
      "dependencies": {
        "@admin-pkg/vite-plugin-http2-proxy": "file:",
        "http2-proxy": "^5.0.53"
      }
    },
    "../../node_modules/.pnpm/http2-proxy@5.0.53/node_modules/http2-proxy": {
      "version": "5.0.53",
      "license": "MIT",
      "devDependencies": {
        "babel-eslint": "^10.1.0",
        "eslint": "^6.8.0",
        "eslint-config-standard": "^14.1.1",
        "eslint-plugin-import": "^2.20.2",
        "eslint-plugin-jest": "^23.8.2",
        "eslint-plugin-node": "^11.1.0",
        "eslint-plugin-promise": "^4.2.1",
        "eslint-plugin-standard": "^4.0.1",
        "husky": "^4.2.5",
        "jest": "^25.4.0",
        "prettier": "^2.0.5",
        "validate-commit-msg": "^2.14.0"
      }
    },
    "node_modules/@admin-pkg/vite-plugin-http2-proxy": {
      "resolved": "",
      "link": true
    },
    "node_modules/http2-proxy": {
      "resolved": "../../node_modules/.pnpm/http2-proxy@5.0.53/node_modules/http2-proxy",
      "link": true
    }
  }
}
