{
  "name": "@admin-pkg/vite-plugin-tinymce-resource",
  "version": "0.0.5",
  "lockfileVersion": 3,
  "requires": true,
  "packages": {
    "": {
      "name": "@admin-pkg/vite-plugin-tinymce-resource",
      "version": "0.0.5",
      "dependencies": {
        "@admin-pkg/vite-plugin-tinymce-resource": "file:"
      }
    },
    "node_modules/@admin-pkg/vite-plugin-tinymce-resource": {
      "resolved": "",
      "link": true
    }
  }
}
